
Microsoft Visual Studio Solution File, Format Version 12.00
# Visual Studio Version 16
VisualStudioVersion = 16.0.31410.357
MinimumVisualStudioVersion = 10.0.40219.1
Project("{FAE04EC0-301F-11D3-BF4B-00C04F79EFBC}") = "SistemaWebVuelos", "SistemaWebVuelos.csproj", "{2AE6A551-8D3D-4D91-AE80-7EDA4C8D96DE}"
EndProject
Global
	GlobalSection(SolutionConfigurationPlatforms) = preSolution
		Debug|Any CPU = Debug|Any CPU
		Release|Any CPU = Release|Any CPU
	EndGlobalSection
	GlobalSection(ProjectConfigurationPlatforms) = postSolution
		{2AE6A551-8D3D-4D91-AE80-7EDA4C8D96DE}.Debug|Any CPU.ActiveCfg = Debug|Any CPU
		{2AE6A551-8D3D-4D91-AE80-7EDA4C8D96DE}.Debug|Any CPU.Build.0 = Debug|Any CPU
		{2AE6A551-8D3D-4D91-AE80-7EDA4C8D96DE}.Release|Any CPU.ActiveCfg = Release|Any CPU
		{2AE6A551-8D3D-4D91-AE80-7EDA4C8D96DE}.Release|Any CPU.Build.0 = Release|Any CPU
	EndGlobalSection
	GlobalSection(SolutionProperties) = preSolution
		HideSolutionNode = FALSE
	EndGlobalSection
	GlobalSection(ExtensibilityGlobals) = postSolution
		SolutionGuid = {91733017-5BB9-421A-8C25-ED63E611D9F3}
	EndGlobalSection
EndGlobal
